lockfileVersion: '9.0'

settings:
  autoInstallPeers: false
  excludeLinksFromLockfile: false

importers:

  .:
    devDependencies:
      '@apst/oxfmt':
        specifier: ~0.2.0
        version: 0.2.0(oxfmt@0.70.0)
      '@apst/oxlint':
        specifier: ~0.5.0
        version: 0.5.0(oxlint@1.87.0(oxlint-tsgolint@7.0.2003))
      '@apst/tsconfig':
        specifier: ~0.3.0
        version: 0.3.0
      '@types/react':
        specifier: ^19.3.0
        version: 19.3.0
      oxfmt:
        specifier: ~0.70.0
        version: 0.70.0
      oxlint:
        specifier: ^1.87.0
        version: 1.87.0(oxlint-tsgolint@7.0.2003)
      oxlint-tsgolint:
        specifier: ^7.0.2003
        version: 7.0.2003

packages:

  '@apst/oxfmt@0.2.0':
    resolution: {integrity: sha512-BX2nskzISs2WOZ53WOAC+2//D2IPF0VjiPeBFEDyxeoz9IZHSSFVnXVdAt3TwuvIsl765fSRt/tfu8WRXEpExg==}
    peerDependencies:
      oxfmt: ^0.50.0
    peerDependenciesMeta:
      oxfmt:
        optional: true

  '@apst/oxlint@0.5.0':
    resolution: {integrity: sha512-e4I6W4JlbdUZG5Nvkqy+dwPf8WEhOAUAssLwpjrMx1Y/Hq7vL0rBwENArpa1Ebn6tzlr6PP5MqryJYvUeDE6gQ==}
    peerDependencies:
      oxlint: ^1.79.0
    peerDependenciesMeta:
      oxlint:
        optional: true

  '@apst/tsconfig@0.3.0':
    resolution: {integrity: sha512-1fvjlQLOexuVqZaQj7K+n/3GxEAk5WcbuSuUsaxpfxhEuWpTIGop04nGX7XENScZhkxm4+vFIFy1LsYLNpOUjQ==}
    peerDependencies:
      typescript: ^5.0.0 || ^6.0.0
    peerDependenciesMeta:
      typescript:
        optional: true

  '@oxfmt/binding-android-arm-eabi@0.70.0':
    resolution: {integrity: sha512-Xd7YO4/T2axEj6FTLcj4Why3mTBqFMg+x24xtorT4Lb2+1g82090GH0a/4U1m0pABGYiix2bq1pqkYrmV3f0Sw==}
    engines: {node: ^20.19.0 || >=22.12.0}
    cpu: [arm]
    os: [android]

  '@oxfmt/binding-android-arm64@0.70.0':
    resolution: {integrity: sha512-x9rlMYyKXdgKdYyUJzGsK1ZV8P4di/J32ipzcS6Jet6p9r9UAh28neXIMtdlSaJJycdi61Z4YkcLKLpk8ueFjg==}
    engines: {node: ^20.19.0 || >=22.12.0}
    cpu: [arm64]
    os: [android]

  '@oxfmt/binding-darwin-arm64@0.70.0':
    resolution: {integrity: sha512-IUTUPvrBVYy7POh4stXzRdz4IVC/1QSaviCWoyenSlOhGu0X9j5K07vCTM9biLjAA2Zs31l0Rj5vvRpj9n95wA==}
    engines: {node: ^20.19.0 || >=22.12.0}
    cpu: [arm64]
    os: [darwin]

  '@oxfmt/binding-darwin-x64@0.70.0':
    resolution: {integrity: sha512-vw745q870oTd6J517O24asoX4/E+eK0nxYIFoedSLqgJ+nI5En7+ZS82iZSHZ69zevQrnOXiyHP01dA+t8xD8w==}
    engines: {node: ^20.19.0 || >=22.12.0}
    cpu: [x64]
    os: [darwin]

  '@oxfmt/binding-freebsd-x64@0.70.0':
    resolution: {integrity: sha512-NO14EgSM9dFkcg+MfGPxvsKqXYs9LKaxPrOKXpv1R0rLokGGFDcCq6dBMq18dE4wlpFOovX0UZY2uh1P30O7QA==}
    engines: {node: ^20.19.0 || >=22.12.0}
    cpu: [x64]
    os: [freebsd]

  '@oxfmt/binding-linux-arm-gnueabihf@0.70.0':
    resolution: {integrity: sha512-139OEhHarj9CYoJ/i9gXlPv4KLBGtLj2toseOWYFf09QwlhklaZk+wW3aOvlqoeZtuayvkoSNVWra7WJ21s3VQ==}
    engines: {node: ^20.19.0 || >=22.12.0}
    cpu: [arm]
    os: [linux]

  '@oxfmt/binding-linux-arm-musleabihf@0.70.0':
    resolution: {integrity: sha512-GEh2PY3IWTE0M24eNhTduountANSbWyDmMnzFSQE/nGg/bjPugbUgiGuFu+xdqcQSd/HKSwH80/F2yVVD48yhA==}
    engines: {node: ^20.19.0 || >=22.12.0}
    cpu: [arm]
    os: [linux]

  '@oxfmt/binding-linux-arm64-gnu@0.70.0':
    resolution: {integrity: sha512-En5i+UJmZSPxuSf47F2Hl5YOzKB0bicQLnGQkeTCMQ35cWLtbrSwACJKfiLqRZrk05DwSnsJkhBRaM3OURtIaA==}
    engines: {node: ^20.19.0 || >=22.12.0}
    cpu: [arm64]
    os: [linux]
    libc: [glibc]

  '@oxfmt/binding-linux-arm64-musl@0.70.0':
    resolution: {integrity: sha512-WWOoV5W9Im3flVwOVrWn/2DUlOF8v5vcCip+kcNuaMpulRCh6nzzt1Su2vcL2F908YJIXNV3HvegbBHuyLwKHg==}
    engines: {node: ^20.19.0 || >=22.12.0}
    cpu: [arm64]
    os: [linux]
    libc: [musl]

  '@oxfmt/binding-linux-ppc64-gnu@0.70.0':
    resolution: {integrity: sha512-YUouneIqW+5n7aE8xx/zeZ6/utr/KH7oykcGoFyd8Uz8uh591T1oKlnoWA3BsRq/ZR42oY1w4MUYvS/0e/MQOA==}
    engines: {node: ^20.19.0 || >=22.12.0}
    cpu: [ppc64]
    os: [linux]
    libc: [glibc]

  '@oxfmt/binding-linux-riscv64-gnu@0.70.0':
    resolution: {integrity: sha512-iEnMf21S5aGVa4hViDGY8sAQ/AHyCu2JPyrQF8P06wtHhSkD1YJBeT4m/KiGewgf7+a5XCYSCRIPcRQa1xwEoQ==}
    engines: {node: ^20.19.0 || >=22.12.0}
    cpu: [riscv64]
    os: [linux]
    libc: [glibc]

  '@oxfmt/binding-linux-riscv64-musl@0.70.0':
    resolution: {integrity: sha512-91Sdniaj20fQzyMeCxMDzTP4c9s4RB8dGQ308xHhDR0n6U7+1Xq7N9klE7mfXq8iV3lRmIGSXi5X23Hn/0XX/g==}
    engines: {node: ^20.19.0 || >=22.12.0}
    cpu: [riscv64]
    os: [linux]
    libc: [musl]

  '@oxfmt/binding-linux-s390x-gnu@0.70.0':
    resolution: {integrity: sha512-uUV30M6E+2TKKGMaKiwfeL4RZrviHXlUxsrYJ/jFBb+1EZy+pnFT+hF73eeWdzh5NqPOAnw0iiMAIqjqiLZPFg==}
    engines: {node: ^20.19.0 || >=22.12.0}
    cpu: [s390x]
    os: [linux]
    libc: [glibc]

  '@oxfmt/binding-linux-x64-gnu@0.70.0':
    resolution: {integrity: sha512-ivMcX6kNDPhqtbOaBt/ItFlLlTlXNHLgRuNmxP6Na6UuYXRT10llpJcAPbGeRgjjb3Qzv4jwPp3fB0hui50WNQ==}
    engines: {node: ^20.19.0 || >=22.12.0}
    cpu: [x64]
    os: [linux]
    libc: [glibc]

  '@oxfmt/binding-linux-x64-musl@0.70.0':
    resolution: {integrity: sha512-w+S+fERxYmlZSyZlJK/U292FjyBoH8cCEj21/tYJX6atX5kNSn+HDkhlFQKT2zcMwUW0uAtUL/bOrlwJZwqRdA==}
    engines: {node: ^20.19.0 || >=22.12.0}
    cpu: [x64]
    os: [linux]
    libc: [musl]

  '@oxfmt/binding-openharmony-arm64@0.70.0':
    resolution: {integrity: sha512-Zlom1Xkx257R8bk4ZI4zJsrGno2opknz1+5v5baka3nn4FPyvNSdh8JUL4CdN1S1OWRMvJ9UJQ+RfIqGGCUEfA==}
    engines: {node: ^20.19.0 || >=22.12.0}
    cpu: [arm64]
    os: [openharmony]

  '@oxfmt/binding-win32-arm64-msvc@0.70.0':
    resolution: {integrity: sha512-FQgPW5R17vzt7cgrJ8eG/dqX00o2xHsqFeLfw4xzA9FRHpN/DjFo9YDonvIIXGxiEuS9F/jZPnGO+KHNKuCo4Q==}
    engines: {node: ^20.19.0 || >=22.12.0}
    cpu: [arm64]
    os: [win32]

  '@oxfmt/binding-win32-ia32-msvc@0.70.0':
    resolution: {integrity: sha512-ZfZublNhZ+XBndMiXhkiLlPE+XyGRDa0CweeTL6t1fZypfCh1LTg7e5CvnOeTBunq15MskOcRempumSPGAaCQA==}
    engines: {node: ^20.19.0 || >=22.12.0}
    cpu: [ia32]
    os: [win32]

  '@oxfmt/binding-win32-x64-msvc@0.70.0':
    resolution: {integrity: sha512-HlIZEn+WzLQL0DszNzldiRl/DPRCX5R0Vkt6qeUPR1YHwy52hZZo4x6HoTOVmKRP2wUiwPGtKsihNY/f8KRaBg==}
    engines: {node: ^20.19.0 || >=22.12.0}
    cpu: [x64]
    os: [win32]

  '@oxlint-tsgolint/darwin-arm64@7.0.2003':
    resolution: {integrity: sha512-TgV33rXr6ueXBwvc+0nssUkTBSXHJxv77I8p4RCjDjCnvexHtmoPiudVRDfj3S3puMDdeQdHW6jdUgUPy3nr/w==}
    cpu: [arm64]
    os: [darwin]

  '@oxlint-tsgolint/darwin-x64@7.0.2003':
    resolution: {integrity: sha512-hY3FMAjIaPDdK3FNxyRXRfHPOFeoBn6dmnLyKZgQ2IbTTD1adXhl6PfCIqHhCPvurigv7nf7mYuWZZ19MmJzmg==}
    cpu: [x64]
    os: [darwin]

  '@oxlint-tsgolint/linux-arm64@7.0.2003':
    resolution: {integrity: sha512-eAET4JpyfBbg8SO0K74o4R55tEjVC292pIyxGOw2XGf8x/HrPNyxwQ478jMYOM54FIVOHc8sJ6VRHxluy6lucw==}
    cpu: [arm64]
    os: [linux]

  '@oxlint-tsgolint/linux-x64@7.0.2003':
    resolution: {integrity: sha512-GXdyO/XyqDJ3s/llR/oOktLsYNjZtWSQBy0JMc+/0gsNPvTcseKPhn9c6KcFyWmnr6H4vljYALbujonqSzzEGw==}
    cpu: [x64]
    os: [linux]

  '@oxlint-tsgolint/win32-arm64@7.0.2003':
    resolution: {integrity: sha512-TWauXnPfet0VgpmrstoAK58eJ4gbuwPUuUTQmYQAzE/RG1CpnxXtrKUJULf6lyerPE4KN3gM+DflIA1hOH+38Q==}
    cpu: [arm64]
    os: [win32]

  '@oxlint-tsgolint/win32-x64@7.0.2003':
    resolution: {integrity: sha512-DoRmfe7j8VqNlukp8liRVW45GQDhzRccNenjD/pdzelgtffW47pCMd1xbJLkPaPbKnTwID3onn3VZlL7JbebEA==}
    cpu: [x64]
    os: [win32]

  '@oxlint/binding-android-arm-eabi@1.87.0':
    resolution: {integrity: sha512-22tVIHlB9898OYsBKmYB6He1MCSqdTmK1BVWuSNUTVrpS0KWNege+U9uEYqGJ+KatQag0r/oU44i3OOs46z7HQ==}
    engines: {node: ^20.19.0 || >=22.12.0}
    cpu: [arm]
    os: [android]

  '@oxlint/binding-android-arm64@1.87.0':
    resolution: {integrity: sha512-JfZQ3MWf74n8ov0DojZpkOduIubYJvZL5tbTMMhDutsal6u1xH1QuNpN+lK+EQwF8AeAfgwTR2fgh5U2br27XA==}
    engines: {node: ^20.19.0 || >=22.12.0}
    cpu: [arm64]
    os: [android]

  '@oxlint/binding-darwin-arm64@1.87.0':
    resolution: {integrity: sha512-rkx6Xvvw93z2GImVOyvbZwAZcoY0Z6MJW177XNsSB+i/CBsH7ANyelTp01VZyIkM3iSXtqKVb4+ptBgPHap5pQ==}
    engines: {node: ^20.19.0 || >=22.12.0}
    cpu: [arm64]
    os: [darwin]

  '@oxlint/binding-darwin-x64@1.87.0':
    resolution: {integrity: sha512-cw5nYw7L/pQ2SgGBgOcg/Qo89llQre3vIc/kuBLhSICzu1r5s8L76H3ug6AIFsD98WpROj8/z5JVzkf4daxHaQ==}
    engines: {node: ^20.19.0 || >=22.12.0}
    cpu: [x64]
    os: [darwin]

  '@oxlint/binding-freebsd-x64@1.87.0':
    resolution: {integrity: sha512-x/SuznE6loRZK9gz9AS4ZmzNzSu+5KdeoCS+sVHhnrE8HM6AD8UyTjwldQTTqlXGvkwHASgB0NiTNOc3o3PdAg==}
    engines: {node: ^20.19.0 || >=22.12.0}
    cpu: [x64]
    os: [freebsd]

  '@oxlint/binding-linux-arm-gnueabihf@1.87.0':
    resolution: {integrity: sha512-+JEDmCAXiiFmKhAjZhgAOwaHWY6WENOQ5QA+lFuY59tgsUCDOTRi46B+lENK6CWvtxsXpwkZXNOgpjAQcpIpnA==}
    engines: {node: ^20.19.0 || >=22.12.0}
    cpu: [arm]
    os: [linux]

  '@oxlint/binding-linux-arm-musleabihf@1.87.0':
    resolution: {integrity: sha512-/uC9XqXLAC9AHFLNycwmSQEvKqGrOCgU+uXALI7gNW0DG81TJ/3T2eHnKdRvcb5R1gFEfjxDwI4e4zIa29rICQ==}
    engines: {node: ^20.19.0 || >=22.12.0}
    cpu: [arm]
    os: [linux]

  '@oxlint/binding-linux-arm64-gnu@1.87.0':
    resolution: {integrity: sha512-FTRYPsBy/M728vnUv7l+KAwSAa3Qi4BQbhVvy7NYuMTZ0sUa/OWsbMx79HVFw6u/5KWcaYayDsoOiv7xbevzDg==}
    engines: {node: ^20.19.0 || >=22.12.0}
    cpu: [arm64]
    os: [linux]
    libc: [glibc]

  '@oxlint/binding-linux-arm64-musl@1.87.0':
    resolution: {integrity: sha512-6sC+N7IY0h1egd8SrYUGNN7CUyKJZ4bIZakKa7V7hfinf4jfi8Kq4+klJvFp5DqXcwMn44I5MeBwmJluO1odFg==}
    engines: {node: ^20.19.0 || >=22.12.0}
    cpu: [arm64]
    os: [linux]
    libc: [musl]

  '@oxlint/binding-linux-ppc64-gnu@1.87.0':
    resolution: {integrity: sha512-d5Mnn+ICbhoJPi37Ccjy+86T5qfH2+mSTrTMBXNPfB+wqSWOayBBLLIrCXdUy1YssluCVdGkl+DO9w5r5ODmUA==}
    engines: {node: ^20.19.0 || >=22.12.0}
    cpu: [ppc64]
    os: [linux]
    libc: [glibc]

  '@oxlint/binding-linux-riscv64-gnu@1.87.0':
    resolution: {integrity: sha512-sf5YWuUo1Dx9loqWCgF8P278MycfcD4JHjDC/LV5j11L3Lqa4PFiwCjD6B8kP4AjsgZZkLn3xbpJEtZBaccs4Q==}
    engines: {node: ^20.19.0 || >=22.12.0}
    cpu: [riscv64]
    os: [linux]
    libc: [glibc]

  '@oxlint/binding-linux-riscv64-musl@1.87.0':
    resolution: {integrity: sha512-+aCraYbmK3uU3P0rFojjeaK9pGY6JvBDXh/0CM+gPyWKmNmXmnFe0qj4qj02U4ibFpbd9Pa9CmDvIdjJUd29rA==}
    engines: {node: ^20.19.0 || >=22.12.0}
    cpu: [riscv64]
    os: [linux]
    libc: [musl]

  '@oxlint/binding-linux-s390x-gnu@1.87.0':
    resolution: {integrity: sha512-7rzbZQIljo6VLWVPqUyLa2P/WV3VFsJB4M52R4NCUJn1A50yjtUsHxiMHFL9opEKGFIiTbZ3VQzmtcJOPUq4NQ==}
    engines: {node: ^20.19.0 || >=22.12.0}
    cpu: [s390x]
    os: [linux]
    libc: [glibc]

  '@oxlint/binding-linux-x64-gnu@1.87.0':
    resolution: {integrity: sha512-Dry46Fa+AXE/xt9J/YriujU1pU9mzfNWHGQwtOYibAFH8HLrKWCi93AhIGnuUMiwn2JbuBkRyz51f50Ly4r4ow==}
    engines: {node: ^20.19.0 || >=22.12.0}
    cpu: [x64]
    os: [linux]
    libc: [glibc]

  '@oxlint/binding-linux-x64-musl@1.87.0':
    resolution: {integrity: sha512-f/HMZez74gJvnRpGz+b5sdGyWrEgRLmFTXg9sNoqjPWogGxYHUhXKTKyMiYsu9rUGR2ciYqL3fk+Ua4JhMJbRA==}
    engines: {node: ^20.19.0 || >=22.12.0}
    cpu: [x64]
    os: [linux]
    libc: [musl]

  '@oxlint/binding-openharmony-arm64@1.87.0':
    resolution: {integrity: sha512-lEC6ZfPZm/07JlB7FsOWX9o1RiHlXiBW594LSUGuXmekC8LZmvUPP9XzE2WZcNxJi5cHA/Fw56o02c3JxgMA5g==}
    engines: {node: ^20.19.0 || >=22.12.0}
    cpu: [arm64]
    os: [openharmony]

  '@oxlint/binding-win32-arm64-msvc@1.87.0':
    resolution: {integrity: sha512-afBWKOD36dUiA9AenaiWpCg8xfyUVPYznyAAVXu413brK4RA5UI/Xoc4yfeGIT8G1a44MV+JR7hioryerBDzGQ==}
    engines: {node: ^20.19.0 || >=22.12.0}
    cpu: [arm64]
    os: [win32]

  '@oxlint/binding-win32-ia32-msvc@1.87.0':
    resolution: {integrity: sha512-daptNsEOuru4/nJTxV4DBHNJ5GepzmaBVQf+jjgKQGi9NRlZKik+RFq4hUL7ewsF1pwjKM+SkYaMbF82UwFGnw==}
    engines: {node: ^20.19.0 || >=22.12.0}
    cpu: [ia32]
    os: [win32]

  '@oxlint/binding-win32-x64-msvc@1.87.0':
    resolution: {integrity: sha512-k+m/EShyXE29J/r1fjk0HlAzhN5JhIvj044oSJkXTEkCLrWZQgXb/3r4q5LTw/eaKW/4GuMXG2xmiJs3s5rPNw==}
    engines: {node: ^20.19.0 || >=22.12.0}
    cpu: [x64]
    os: [win32]

  '@types/react@19.3.0':
    resolution: {integrity: sha512-N0rFCuH9YoxG9/m61l9MfpJKfmLOVU0em7ipIz6TRgSSkvReLB9vL85GB+yr8Bs5leqpvg96JSwF4ZS1s4viQg==}

  csstype@3.2.3:
    resolution: {integrity: sha512-z1HGKcYy2xA8AGQfwrn0PAy+PB7X/GSj3UVJW9qKyn43xWa+gl5nXmU4qqLMRzWVLFC8KusUX8T/0kCiOYpAIQ==}

  es-toolkit@1.52.0:
    resolution: {integrity: sha512-XTNEJQh1tY1ZJVcf6ayP/2n4ZPyaHlW2FWs7xvw5ddPuhUVjLD3olQVQS7kf58JbAB48iL0uL/jerTrjtV3lDA==}

  oxfmt@0.70.0:
    resolution: {integrity: sha512-IsHxZ4y0wQLLMhnrJblBJgZsLDzfULrJnAw5j/QqsTlMa/m3AqsbToi+W71uhBGaqlqq/PbbjvHc09TJwdv3Tw==}
    engines: {node: ^20.19.0 || >=22.12.0}
    hasBin: true
    peerDependencies:
      svelte: ^5.0.0
      vite-plus: '*'
    peerDependenciesMeta:
      svelte:
        optional: true
      vite-plus:
        optional: true

  oxlint-tsgolint@7.0.2003:
    resolution: {integrity: sha512-VnK4zlqgmgq/7ZcjzCk/WpN8kKFsYGcB85Io9qT3wL4K8Un3RKmJkp793crNETieMusPMKOA4a+Mw2wbteI6TQ==}
    hasBin: true

  oxlint@1.87.0:
    resolution: {integrity: sha512-drxVlaW7Oqq7wSy1CN25znRu00aRq8n57Q2wniJRxCmtYVz07ufCm7EVDPQFZURrTgQIjzKrVEHAD/HcvJXObg==}
    engines: {node: ^20.19.0 || >=22.12.0}
    hasBin: true
    peerDependencies:
      oxlint-tsgolint: '>=7.0.2003'
      vite-plus: '*'
    peerDependenciesMeta:
      oxlint-tsgolint:
        optional: true
      vite-plus:
        optional: true

  tinypool@2.1.2:
    resolution: {integrity: sha512-9YodfrxS9g9IbFr/KOjE5bAeJ0p61n3bW6mqvy0jtoeKd1kTW1Cxm0oulm6KX2lyM9Gl6WIe8nEbY7LWv5ZJww==}
    engines: {node: ^20.0.0 || >=22.0.0}

snapshots:

  '@apst/oxfmt@0.2.0(oxfmt@0.70.0)':
    dependencies:
      es-toolkit: 1.52.0
    optionalDependencies:
      oxfmt: 0.70.0

  '@apst/oxlint@0.5.0(oxlint@1.87.0(oxlint-tsgolint@7.0.2003))':
    dependencies:
      es-toolkit: 1.52.0
    optionalDependencies:
      oxlint: 1.87.0(oxlint-tsgolint@7.0.2003)

  '@apst/tsconfig@0.3.0': {}

  '@oxfmt/binding-android-arm-eabi@0.70.0':
    optional: true

  '@oxfmt/binding-android-arm64@0.70.0':
    optional: true

  '@oxfmt/binding-darwin-arm64@0.70.0':
    optional: true

  '@oxfmt/binding-darwin-x64@0.70.0':
    optional: true

  '@oxfmt/binding-freebsd-x64@0.70.0':
    optional: true

  '@oxfmt/binding-linux-arm-gnueabihf@0.70.0':
    optional: true

  '@oxfmt/binding-linux-arm-musleabihf@0.70.0':
    optional: true

  '@oxfmt/binding-linux-arm64-gnu@0.70.0':
    optional: true

  '@oxfmt/binding-linux-arm64-musl@0.70.0':
    optional: true

  '@oxfmt/binding-linux-ppc64-gnu@0.70.0':
    optional: true

  '@oxfmt/binding-linux-riscv64-gnu@0.70.0':
    optional: true

  '@oxfmt/binding-linux-riscv64-musl@0.70.0':
    optional: true

  '@oxfmt/binding-linux-s390x-gnu@0.70.0':
    optional: true

  '@oxfmt/binding-linux-x64-gnu@0.70.0':
    optional: true

  '@oxfmt/binding-linux-x64-musl@0.70.0':
    optional: true

  '@oxfmt/binding-openharmony-arm64@0.70.0':
    optional: true

  '@oxfmt/binding-win32-arm64-msvc@0.70.0':
    optional: true

  '@oxfmt/binding-win32-ia32-msvc@0.70.0':
    optional: true

  '@oxfmt/binding-win32-x64-msvc@0.70.0':
    optional: true

  '@oxlint-tsgolint/darwin-arm64@7.0.2003':
    optional: true

  '@oxlint-tsgolint/darwin-x64@7.0.2003':
    optional: true

  '@oxlint-tsgolint/linux-arm64@7.0.2003':
    optional: true

  '@oxlint-tsgolint/linux-x64@7.0.2003':
    optional: true

  '@oxlint-tsgolint/win32-arm64@7.0.2003':
    optional: true

  '@oxlint-tsgolint/win32-x64@7.0.2003':
    optional: true

  '@oxlint/binding-android-arm-eabi@1.87.0':
    optional: true

  '@oxlint/binding-android-arm64@1.87.0':
    optional: true

  '@oxlint/binding-darwin-arm64@1.87.0':
    optional: true

  '@oxlint/binding-darwin-x64@1.87.0':
    optional: true

  '@oxlint/binding-freebsd-x64@1.87.0':
    optional: true

  '@oxlint/binding-linux-arm-gnueabihf@1.87.0':
    optional: true

  '@oxlint/binding-linux-arm-musleabihf@1.87.0':
    optional: true

  '@oxlint/binding-linux-arm64-gnu@1.87.0':
    optional: true

  '@oxlint/binding-linux-arm64-musl@1.87.0':
    optional: true

  '@oxlint/binding-linux-ppc64-gnu@1.87.0':
    optional: true

  '@oxlint/binding-linux-riscv64-gnu@1.87.0':
    optional: true

  '@oxlint/binding-linux-riscv64-musl@1.87.0':
    optional: true

  '@oxlint/binding-linux-s390x-gnu@1.87.0':
    optional: true

  '@oxlint/binding-linux-x64-gnu@1.87.0':
    optional: true

  '@oxlint/binding-linux-x64-musl@1.87.0':
    optional: true

  '@oxlint/binding-openharmony-arm64@1.87.0':
    optional: true

  '@oxlint/binding-win32-arm64-msvc@1.87.0':
    optional: true

  '@oxlint/binding-win32-ia32-msvc@1.87.0':
    optional: true

  '@oxlint/binding-win32-x64-msvc@1.87.0':
    optional: true

  '@types/react@19.3.0':
    dependencies:
      csstype: 3.2.3

  csstype@3.2.3: {}

  es-toolkit@1.52.0: {}

  oxfmt@0.70.0:
    dependencies:
      tinypool: 2.1.2
    optionalDependencies:
      '@oxfmt/binding-android-arm-eabi': 0.70.0
      '@oxfmt/binding-android-arm64': 0.70.0
      '@oxfmt/binding-darwin-arm64': 0.70.0
      '@oxfmt/binding-darwin-x64': 0.70.0
      '@oxfmt/binding-freebsd-x64': 0.70.0
      '@oxfmt/binding-linux-arm-gnueabihf': 0.70.0
      '@oxfmt/binding-linux-arm-musleabihf': 0.70.0
      '@oxfmt/binding-linux-arm64-gnu': 0.70.0
      '@oxfmt/binding-linux-arm64-musl': 0.70.0
      '@oxfmt/binding-linux-ppc64-gnu': 0.70.0
      '@oxfmt/binding-linux-riscv64-gnu': 0.70.0
      '@oxfmt/binding-linux-riscv64-musl': 0.70.0
      '@oxfmt/binding-linux-s390x-gnu': 0.70.0
      '@oxfmt/binding-linux-x64-gnu': 0.70.0
      '@oxfmt/binding-linux-x64-musl': 0.70.0
      '@oxfmt/binding-openharmony-arm64': 0.70.0
      '@oxfmt/binding-win32-arm64-msvc': 0.70.0
      '@oxfmt/binding-win32-ia32-msvc': 0.70.0
      '@oxfmt/binding-win32-x64-msvc': 0.70.0

  oxlint-tsgolint@7.0.2003:
    optionalDependencies:
      '@oxlint-tsgolint/darwin-arm64': 7.0.2003
      '@oxlint-tsgolint/darwin-x64': 7.0.2003
      '@oxlint-tsgolint/linux-arm64': 7.0.2003
      '@oxlint-tsgolint/linux-x64': 7.0.2003
      '@oxlint-tsgolint/win32-arm64': 7.0.2003
      '@oxlint-tsgolint/win32-x64': 7.0.2003

  oxlint@1.87.0(oxlint-tsgolint@7.0.2003):
    optionalDependencies:
      '@oxlint/binding-android-arm-eabi': 1.87.0
      '@oxlint/binding-android-arm64': 1.87.0
      '@oxlint/binding-darwin-arm64': 1.87.0
      '@oxlint/binding-darwin-x64': 1.87.0
      '@oxlint/binding-freebsd-x64': 1.87.0
      '@oxlint/binding-linux-arm-gnueabihf': 1.87.0
      '@oxlint/binding-linux-arm-musleabihf': 1.87.0
      '@oxlint/binding-linux-arm64-gnu': 1.87.0
      '@oxlint/binding-linux-arm64-musl': 1.87.0
      '@oxlint/binding-linux-ppc64-gnu': 1.87.0
      '@oxlint/binding-linux-riscv64-gnu': 1.87.0
      '@oxlint/binding-linux-riscv64-musl': 1.87.0
      '@oxlint/binding-linux-s390x-gnu': 1.87.0
      '@oxlint/binding-linux-x64-gnu': 1.87.0
      '@oxlint/binding-linux-x64-musl': 1.87.0
      '@oxlint/binding-openharmony-arm64': 1.87.0
      '@oxlint/binding-win32-arm64-msvc': 1.87.0
      '@oxlint/binding-win32-ia32-msvc': 1.87.0
      '@oxlint/binding-win32-x64-msvc': 1.87.0
      oxlint-tsgolint: 7.0.2003

  tinypool@2.1.2: {}
